{
    "requires": true,
    "lockfileVersion": 1,
    "dependencies": {
        "core-js": {
            "version": "3.9.1",
            "resolved": "https://registry.npmjs.org/core-js/-/core-js-3.9.1.tgz",
            "integrity": "sha512-gSjRvzkxQc1zjM/5paAmL4idJBFzuJoo+jDjF1tStYFMV2ERfD02HhahhCGXUyHxQRG4yFKVSdO6g62eoRMcDg=="
        },
        "vue-property-decorator": {
            "version": "9.1.2",
            "resolved": "https://registry.npmjs.org/vue-property-decorator/-/vue-property-decorator-9.1.2.tgz",
            "integrity": "sha512-xYA8MkZynPBGd/w5QFJ2d/NM0z/YeegMqYTphy7NJQXbZcuU6FC6AOdUAcy4SXP+YnkerC6AfH+ldg7PDk9ESQ=="
        },
        "vue-slider-component": {
            "version": "4.0.0-beta.3",
            "resolved": "https://registry.npmjs.org/vue-slider-component/-/vue-slider-component-4.0.0-beta.3.tgz",
            "integrity": "sha512-wLv3mAIQVOw2kP/CSi7FbYq1Y5q4ZC7GJpOHyd+Gpibc1Io/dMtgNAUa0XzcCJ20RNqJbQs+9vHeF19zV2xqBQ==",
            "requires": {
                "core-js": "^3.6.5",
                "vue-property-decorator": "^9.0.2"
            }
        }
    }
}
